<?xml version="1.0" encoding="UTF-8" standalone="yes" ?>
<CodeBlocks_project_file>
	<FileVersion major="1" minor="6" />
	<Project>
		<Option title="LearningGraphs" />
		<Option pch_mode="2" />
		<Option compiler="gcc" />
		<Build>
			<Target title="Debug">
				<Option output="bin/Debug/LearningGraphs" prefix_auto="1" extension_auto="1" />
				<Option object_output="obj/Debug/" />
				<Option type="1" />
				<Option compiler="gcc" />
				<Compiler>
					<Add option="-g" />
					<Add directory="../../../../../../../../Desktop/igraph-0.7.1/include" />
				</Compiler>
				<Linker>
					<Add library="..\..\..\..\..\..\..\..\Desktop\igraph-0.7.1\src\.libs\libarpack.a" />
					<Add library="..\..\..\..\..\..\..\..\Desktop\igraph-0.7.1\src\.libs\libblas.a" />
					<Add library="..\..\..\..\..\..\..\..\Desktop\igraph-0.7.1\src\.libs\libdlamch.a" />
					<Add library="..\..\..\..\..\..\..\..\Desktop\igraph-0.7.1\src\.libs\libf2c.a" />
					<Add library="..\..\..\..\..\..\..\..\Desktop\igraph-0.7.1\src\.libs\libglpk.a" />
					<Add library="..\..\..\..\..\..\..\..\Desktop\igraph-0.7.1\src\.libs\libigraph.a" />
					<Add library="..\..\..\..\..\..\..\..\Desktop\igraph-0.7.1\src\.libs\liblapack.a" />
					<Add library="..\..\..\..\..\..\..\..\Desktop\igraph-0.7.1\src\.libs\libplfit.a" />
					<Add library="..\..\..\..\..\..\..\..\Desktop\igraph-0.7.1\src\.libs\libprpack.a" />
				</Linker>
			</Target>
			<Target title="Release">
				<Option output="bin/Release/LearningGraphs" prefix_auto="1" extension_auto="1" />
				<Option object_output="obj/Release/" />
				<Option type="1" />
				<Option compiler="gcc" />
				<Compiler>
					<Add option="-O2" />
				</Compiler>
				<Linker>
					<Add option="-s" />
				</Linker>
			</Target>
		</Build>
		<Compiler>
			<Add option="-Wall" />
			<Add option="-fexceptions" />
		</Compiler>
		<Unit filename="main.cpp" />
		<Extensions>
			<code_completion />
			<envvars />
			<debugger />
			<lib_finder disable_auto="1" />
		</Extensions>
	</Project>
</CodeBlocks_project_file>
